
Microsoft Visual Studio Solution File, Format Version 12.00
# Visual Studio Version 17
VisualStudioVersion = 17.6.33829.357
MinimumVisualStudioVersion = 10.0.40219.1
Project("{FAE04EC0-301F-11D3-BF4B-00C04F79EFBC}") = "HomeCarePro", "HomeCarePro\HomeCarePro.csproj", "{095D6435-5B59-4BC2-ACF1-EBBFAF11DFA0}"
EndProject
Global
	GlobalSection(SolutionConfigurationPlatforms) = preSolution
		Debug|Any CPU = Debug|Any CPU
		Release|Any CPU = Release|Any CPU
	EndGlobalSection
	GlobalSection(ProjectConfigurationPlatforms) = postSolution
		{095D6435-5B59-4BC2-ACF1-EBBFAF11DFA0}.Debug|Any CPU.ActiveCfg = Debug|Any CPU
		{095D6435-5B59-4BC2-ACF1-EBBFAF11DFA0}.Debug|Any CPU.Build.0 = Debug|Any CPU
		{095D6435-5B59-4BC2-ACF1-EBBFAF11DFA0}.Release|Any CPU.ActiveCfg = Release|Any CPU
		{095D6435-5B59-4BC2-ACF1-EBBFAF11DFA0}.Release|Any CPU.Build.0 = Release|Any CPU
	EndGlobalSection
	GlobalSection(SolutionProperties) = preSolution
		HideSolutionNode = FALSE
	EndGlobalSection
	GlobalSection(ExtensibilityGlobals) = postSolution
		SolutionGuid = {3366B17C-40E7-41E8-AC4E-B1BD17686579}
	EndGlobalSection
EndGlobal
